{
	"requires": true,
	"lockfileVersion": 1,
	"dependencies": {
		"@material/rtl": {
			"version": "https://registry.npmjs.org/@material/rtl/-/rtl-0.1.8.tgz",
			"integrity": "sha1-JGLbFeLU4EFmZIVVnAKDgocrAfs="
		},
		"@material/theme": {
			"version": "0.28.0",
			"resolved": "https://registry.npmjs.org/@material/theme/-/theme-0.28.0.tgz",
			"integrity": "sha512-hmlnXFIMGxhLWLNkaYFOQ4rqJhwanPZoHLziHfBDmbeAdfa03aJnIr2JVohmQkmOINA1UlIcTK5QAJAAaOJ47w=="
		},
		"@material/typography": {
			"version": "0.28.0",
			"resolved": "https://registry.npmjs.org/@material/typography/-/typography-0.28.0.tgz",
			"integrity": "sha512-Cz8XxO/bocChQAM87xTAN9CM31Q04FgW0N4lSQWyha2PAK/LdtfjjWFPZWNZKyQbZJBNjINbE3/PqMnWDTd4cQ=="
		}
	}
}
