{
	"requires": true,
	"lockfileVersion": 1,
	"dependencies": {
		"@material/animation": {
			"version": "0.25.0",
			"resolved": "https://registry.npmjs.org/@material/animation/-/animation-0.25.0.tgz",
			"integrity": "sha512-4RzlpMwJtMnQ3/rNf4zpG9qnoQcCkYiRs6U515MRQzv7qFl1eCZx3U3dGaUu7UVf3Hwx4RskUB/fBxGc0b61CQ=="
		},
		"@material/base": {
			"version": "0.24.0",
			"resolved": "https://registry.npmjs.org/@material/base/-/base-0.24.0.tgz",
			"integrity": "sha512-RG1SbHl6M8a0fdrMAoMm7Fc8jkuj3HhZd0f8Dy5kfUtQk3I7PyzD+MLCrmCHgUAlKbcK2J9VxJWpd4isZr3x9w=="
		},
		"@material/elevation": {
			"version": "0.28.0",
			"resolved": "https://registry.npmjs.org/@material/elevation/-/elevation-0.28.0.tgz",
			"integrity": "sha512-U2utCuMDDhrJ8Cyisz16GAejN9h9xyS4jvVkt2uIOUyPZRjnaJyoAbpyf0mOzFxIdBuRpNGJYm2PoAwHsSA+xw==",
			"requires": {
				"@material/animation": "0.25.0",
				"@material/theme": "0.4.0"
			},
			"dependencies": {
				"@material/theme": {
					"version": "0.4.0",
					"resolved": "https://registry.npmjs.org/@material/theme/-/theme-0.4.0.tgz",
					"integrity": "sha1-Cu8aAnm2XBWZBYT7i47KCVxzRkE="
				}
			}
		},
		"@material/list": {
			"version": "0.28.0",
			"resolved": "https://registry.npmjs.org/@material/list/-/list-0.28.0.tgz",
			"integrity": "sha512-jRRPUnUF1mz2gdlXCNF+9m2bwsjCdefWBqXdFtDCeavn1LcffGoWHbNXI0grcZyeVmZ4qWFa9tOcQ1giqbUieQ==",
			"requires": {
				"@material/ripple": "0.28.0",
				"@material/rtl": "https://registry.npmjs.org/@material/rtl/-/rtl-0.1.8.tgz",
				"@material/theme": "0.28.0",
				"@material/typography": "0.28.0"
			}
		},
		"@material/ripple": {
			"version": "0.28.0",
			"resolved": "https://registry.npmjs.org/@material/ripple/-/ripple-0.28.0.tgz",
			"integrity": "sha512-CBAs4H5QeohIhGLGuAtQvAedkT26kfdmWmAEV9+mKepzOFdO47KmJfuJwUzlCPgYnKq1a1NzYItwJGxJNNG/oA==",
			"requires": {
				"@material/base": "0.24.0",
				"@material/theme": "0.28.0"
			}
		},
		"@material/rtl": {
			"version": "https://registry.npmjs.org/@material/rtl/-/rtl-0.1.8.tgz",
			"integrity": "sha1-JGLbFeLU4EFmZIVVnAKDgocrAfs="
		},
		"@material/theme": {
			"version": "0.28.0",
			"resolved": "https://registry.npmjs.org/@material/theme/-/theme-0.28.0.tgz",
			"integrity": "sha512-hmlnXFIMGxhLWLNkaYFOQ4rqJhwanPZoHLziHfBDmbeAdfa03aJnIr2JVohmQkmOINA1UlIcTK5QAJAAaOJ47w=="
		},
		"@material/typography": {
			"version": "0.28.0",
			"resolved": "https://registry.npmjs.org/@material/typography/-/typography-0.28.0.tgz",
			"integrity": "sha512-Cz8XxO/bocChQAM87xTAN9CM31Q04FgW0N4lSQWyha2PAK/LdtfjjWFPZWNZKyQbZJBNjINbE3/PqMnWDTd4cQ=="
		}
	}
}
