{
	"requires": true,
	"lockfileVersion": 1,
	"dependencies": {
		"@material/base": {
			"version": "0.24.0",
			"resolved": "https://registry.npmjs.org/@material/base/-/base-0.24.0.tgz",
			"integrity": "sha512-RG1SbHl6M8a0fdrMAoMm7Fc8jkuj3HhZd0f8Dy5kfUtQk3I7PyzD+MLCrmCHgUAlKbcK2J9VxJWpd4isZr3x9w=="
		},
		"@material/ripple": {
			"version": "0.28.0",
			"resolved": "https://registry.npmjs.org/@material/ripple/-/ripple-0.28.0.tgz",
			"integrity": "sha512-CBAs4H5QeohIhGLGuAtQvAedkT26kfdmWmAEV9+mKepzOFdO47KmJfuJwUzlCPgYnKq1a1NzYItwJGxJNNG/oA==",
			"requires": {
				"@material/base": "0.24.0",
				"@material/theme": "0.28.0"
			}
		},
		"@material/rtl": {
			"version": "https://registry.npmjs.org/@material/rtl/-/rtl-0.1.8.tgz",
			"integrity": "sha1-JGLbFeLU4EFmZIVVnAKDgocrAfs="
		},
		"@material/theme": {
			"version": "0.28.0",
			"resolved": "https://registry.npmjs.org/@material/theme/-/theme-0.28.0.tgz",
			"integrity": "sha512-hmlnXFIMGxhLWLNkaYFOQ4rqJhwanPZoHLziHfBDmbeAdfa03aJnIr2JVohmQkmOINA1UlIcTK5QAJAAaOJ47w=="
		},
		"@material/typography": {
			"version": "0.28.0",
			"resolved": "https://registry.npmjs.org/@material/typography/-/typography-0.28.0.tgz",
			"integrity": "sha512-Cz8XxO/bocChQAM87xTAN9CM31Q04FgW0N4lSQWyha2PAK/LdtfjjWFPZWNZKyQbZJBNjINbE3/PqMnWDTd4cQ=="
		}
	}
}
