{
	"requires": true,
	"lockfileVersion": 1,
	"dependencies": {
		"@material/auto-init": {
			"version": "0.34.0",
			"resolved": "https://registry.npmjs.org/@material/auto-init/-/auto-init-0.34.0.tgz",
			"integrity": "sha512-3434gdmM3NEbGUD9Viu+zzLFr2IDILfUZXxZtxgezF68zGxblr6FEnyV9aOL6PKc+CimHxixeDKK13e63IC2hw=="
		}
	}
}
