{
	"requires": true,
	"lockfileVersion": 1,
	"dependencies": {
		"@material/animation": {
			"version": "0.34.0",
			"resolved": "https://registry.npmjs.org/@material/animation/-/animation-0.34.0.tgz",
			"integrity": "sha512-HKWU+pHda+xSIV0lwrTMOb/N005NIAV7+tvEEjTiLrQx74eO6J9nIjfCpZ0W4D8Kb9K90lgHFo0ZRC6yDTjizQ=="
		},
		"@material/base": {
			"version": "0.34.0",
			"resolved": "https://registry.npmjs.org/@material/base/-/base-0.34.0.tgz",
			"integrity": "sha512-HFYy+AHPqPLv2V2aO+tlkhUH/wmt6PCfMzvGPS/ggef/nysu7akC95BG8iaQBCqjpq5sFXDWk7SEdJb/9NHJIQ=="
		},
		"@material/elevation": {
			"version": "0.34.0",
			"resolved": "https://registry.npmjs.org/@material/elevation/-/elevation-0.34.0.tgz",
			"integrity": "sha512-m+DtLtZ9GFSXzc/oPr13NkwDaPjjNZ48TxeJA8TKKm9Jn2H+TLNCzNoG649+kd3gI386W6EDOtuzrVbr8SUHXw==",
			"requires": {
				"@material/animation": "0.34.0",
				"@material/theme": "0.4.0"
			},
			"dependencies": {
				"@material/theme": {
					"version": "0.4.0",
					"resolved": "https://registry.npmjs.org/@material/theme/-/theme-0.4.0.tgz",
					"integrity": "sha1-Cu8aAnm2XBWZBYT7i47KCVxzRkE="
				}
			}
		},
		"@material/ripple": {
			"version": "0.34.1",
			"resolved": "https://registry.npmjs.org/@material/ripple/-/ripple-0.34.1.tgz",
			"integrity": "sha512-lVCbGW/k6pSIyNiB1ur6L+fiU3yWgMFGHBwoEB+9DPj9VJsOgQW10uDfmnIjDZ/xYYVNjL+Y2MiW7DCMamhLdg==",
			"requires": {
				"@material/base": "0.34.0",
				"@material/theme": "0.34.0"
			},
			"dependencies": {
				"@material/theme": {
					"version": "0.34.0",
					"resolved": "https://registry.npmjs.org/@material/theme/-/theme-0.34.0.tgz",
					"integrity": "sha512-PXFRQ9Q8ycXz9ihb0UAGgnBTVzIq0Qd3jgonHLYMzIL9+8D4BrQqJlM9uyyN5N/7KwesP7ItiumdfZ5f5gfAxw=="
				}
			}
		},
		"@material/rtl": {
			"version": "0.34.0",
			"resolved": "https://registry.npmjs.org/@material/rtl/-/rtl-0.34.0.tgz",
			"integrity": "sha512-e4gxmJT1ll2w8jL0TXxFshdBgFbb+VMgyIC4N6DigcPuG07HpY5dZwaA92Gd1C+uQoLv4PEaqidt6ZMpVeDzKw=="
		},
		"@material/theme": {
			"version": "0.33.0",
			"resolved": "https://registry.npmjs.org/@material/theme/-/theme-0.33.0.tgz",
			"integrity": "sha512-6uWLB7xypHblYGi43TNxCR8505T5DQUUmWTi/EJg/Q+NvRJy9ZBU5lx9u9bEdXg13wVWlwtA3EqKA3OsOztJSg=="
		},
		"@material/typography": {
			"version": "0.34.0",
			"resolved": "https://registry.npmjs.org/@material/typography/-/typography-0.34.0.tgz",
			"integrity": "sha512-NMFBSdwvUzhRVQQxK6m1dMHB4R1eGKsbkIOiBvsiclUF7bailSXJh8p+ki4YolTOy/jvNTdGlUMqF0W+/ebdtw=="
		},
		"focus-trap": {
			"version": "2.4.3",
			"resolved": "https://registry.npmjs.org/focus-trap/-/focus-trap-2.4.3.tgz",
			"integrity": "sha512-sT5Ip9nyAIxWq8Apt1Fdv6yTci5GotaOtO5Ro1/+F3PizttNBcCYz8j/Qze54PPFK73KUbOqh++HUCiyNPqvhA==",
			"requires": {
				"tabbable": "1.1.2"
			}
		},
		"tabbable": {
			"version": "1.1.2",
			"resolved": "https://registry.npmjs.org/tabbable/-/tabbable-1.1.2.tgz",
			"integrity": "sha512-77oqsKEPrxIwgRcXUwipkj9W5ItO97L6eUT1Ar7vh+El16Zm4M6V+YU1cbipHEa6q0Yjw8O3Hoh8oRgatV5s7A=="
		}
	}
}
